
Microsoft Visual Studio Solution File, Format Version 12.00
# Visual Studio Version 17
VisualStudioVersion = 17.5.002.0
MinimumVisualStudioVersion = 10.0.40219.1
Project("{9A19103F-16F7-4668-BE54-9A1E7A4F7556}") = "WebApp-test", "WebApp-test.csproj", "{F3EEB150-1AF0-4589-B303-D64B496E0D09}"
EndProject
Global
	GlobalSection(SolutionConfigurationPlatforms) = preSolution
		Debug|Any CPU = Debug|Any CPU
		Release|Any CPU = Release|Any CPU
	EndGlobalSection
	GlobalSection(ProjectConfigurationPlatforms) = postSolution
		{F3EEB150-1AF0-4589-B303-D64B496E0D09}.Debug|Any CPU.ActiveCfg = Debug|Any CPU
		{F3EEB150-1AF0-4589-B303-D64B496E0D09}.Debug|Any CPU.Build.0 = Debug|Any CPU
		{F3EEB150-1AF0-4589-B303-D64B496E0D09}.Release|Any CPU.ActiveCfg = Release|Any CPU
		{F3EEB150-1AF0-4589-B303-D64B496E0D09}.Release|Any CPU.Build.0 = Release|Any CPU
	EndGlobalSection
	GlobalSection(SolutionProperties) = preSolution
		HideSolutionNode = FALSE
	EndGlobalSection
	GlobalSection(ExtensibilityGlobals) = postSolution
		SolutionGuid = {B7D3DDF9-0165-48FD-8009-7BB13492E8EF}
	EndGlobalSection
EndGlobal
